{
  "name": "hannahttp",
  "version": "1.1.7",
  "lockfileVersion": 2,
  "requires": true,
  "packages": {
    "": {
      "name": "hannahttp",
      "version": "1.1.7",
      "license": "GPL-3.0",
      "dependencies": {
        "consolidate": "^0.16.0"
      },
      "devDependencies": {
        "@types/consolidate": "^0.14.1",
        "@types/node": "^18.8.1"
      }
    },
    "node_modules/@types/bluebird": {
      "version": "3.5.37",
      "resolved": "https://registry.npmjs.org/@types/bluebird/-/bluebird-3.5.37.tgz",
      "integrity": "sha512-g2qEd+zkfkTEudA2SrMAeAvY7CrFqtbsLILm2dT2VIeKTqMqVzcdfURlvu6FU3srRgbmXN1Srm94pg34EIehww==",
      "dev": true
    },
    "node_modules/@types/consolidate": {
      "version": "0.14.1",
      "resolved": "https://registry.npmjs.org/@types/consolidate/-/consolidate-0.14.1.tgz",
      "integrity": "sha512-p0QTiPgjYssVJEo8zJ1WPfvfCpSvIU9oLZ7WPKl4Nx5dvaRAGb7Mk0a14T6UOVhI5PXYL7CkM4+lS7VRrUePUQ==",
      "dev": true,
      "dependencies": {
        "@types/bluebird": "*",
        "@types/node": "*"
      }
    },
    "node_modules/@types/node": {
      "version": "18.8.1",
      "resolved": "https://registry.npmjs.org/@types/node/-/node-18.8.1.tgz",
      "integrity": "sha512-vuYaNuEIbOYLTLUAJh50ezEbvxrD43iby+lpUA2aa148Nh5kX/AVO/9m1Ahmbux2iU5uxJTNF9g2Y+31uml7RQ==",
      "dev": true
    },
    "node_modules/bluebird": {
      "version": "3.7.2",
      "resolved": "https://registry.npmjs.org/bluebird/-/bluebird-3.7.2.tgz",
      "integrity": "sha512-XpNj6GDQzdfW+r2Wnn7xiSAd7TM3jzkxGXBGTtWKuSXv1xUV+azxAm8jdWZN06QTQk+2N2XB9jRDkvbmQmcRtg=="
    },
    "node_modules/consolidate": {
      "version": "0.16.0",
      "resolved": "https://registry.npmjs.org/consolidate/-/consolidate-0.16.0.tgz",
      "integrity": "sha512-Nhl1wzCslqXYTJVDyJCu3ODohy9OfBMB5uD2BiBTzd7w+QY0lBzafkR8y8755yMYHAaMD4NuzbAw03/xzfw+eQ==",
      "dependencies": {
        "bluebird": "^3.7.2"
      },
      "engines": {
        "node": ">= 0.10.0"
      }
    }
  },
  "dependencies": {
    "@types/bluebird": {
      "version": "3.5.37",
      "resolved": "https://registry.npmjs.org/@types/bluebird/-/bluebird-3.5.37.tgz",
      "integrity": "sha512-g2qEd+zkfkTEudA2SrMAeAvY7CrFqtbsLILm2dT2VIeKTqMqVzcdfURlvu6FU3srRgbmXN1Srm94pg34EIehww==",
      "dev": true
    },
    "@types/consolidate": {
      "version": "0.14.1",
      "resolved": "https://registry.npmjs.org/@types/consolidate/-/consolidate-0.14.1.tgz",
      "integrity": "sha512-p0QTiPgjYssVJEo8zJ1WPfvfCpSvIU9oLZ7WPKl4Nx5dvaRAGb7Mk0a14T6UOVhI5PXYL7CkM4+lS7VRrUePUQ==",
      "dev": true,
      "requires": {
        "@types/bluebird": "*",
        "@types/node": "*"
      }
    },
    "@types/node": {
      "version": "18.8.1",
      "resolved": "https://registry.npmjs.org/@types/node/-/node-18.8.1.tgz",
      "integrity": "sha512-vuYaNuEIbOYLTLUAJh50ezEbvxrD43iby+lpUA2aa148Nh5kX/AVO/9m1Ahmbux2iU5uxJTNF9g2Y+31uml7RQ==",
      "dev": true
    },
    "bluebird": {
      "version": "3.7.2",
      "resolved": "https://registry.npmjs.org/bluebird/-/bluebird-3.7.2.tgz",
      "integrity": "sha512-XpNj6GDQzdfW+r2Wnn7xiSAd7TM3jzkxGXBGTtWKuSXv1xUV+azxAm8jdWZN06QTQk+2N2XB9jRDkvbmQmcRtg=="
    },
    "consolidate": {
      "version": "0.16.0",
      "resolved": "https://registry.npmjs.org/consolidate/-/consolidate-0.16.0.tgz",
      "integrity": "sha512-Nhl1wzCslqXYTJVDyJCu3ODohy9OfBMB5uD2BiBTzd7w+QY0lBzafkR8y8755yMYHAaMD4NuzbAw03/xzfw+eQ==",
      "requires": {
        "bluebird": "^3.7.2"
      }
    }
  }
}
